
Microsoft Visual Studio Solution File, Format Version 12.00
# Visual Studio Version 16
VisualStudioVersion = 16.0.29926.136
MinimumVisualStudioVersion = 10.0.40219.1
Project("{FAE04EC0-301F-11D3-BF4B-00C04F79EFBC}") = "IntegralProcessor", "IntegralProcessor\IntegralProcessor.csproj", "{242C4265-A906-46F6-A2FF-472DDE1DF7CF}"
EndProject
Global
	GlobalSection(SolutionConfigurationPlatforms) = preSolution
		Debug|Any CPU = Debug|Any CPU
		Release|Any CPU = Release|Any CPU
	EndGlobalSection
	GlobalSection(ProjectConfigurationPlatforms) = postSolution
		{242C4265-A906-46F6-A2FF-472DDE1DF7CF}.Debug|Any CPU.ActiveCfg = Debug|Any CPU
		{242C4265-A906-46F6-A2FF-472DDE1DF7CF}.Debug|Any CPU.Build.0 = Debug|Any CPU
		{242C4265-A906-46F6-A2FF-472DDE1DF7CF}.Release|Any CPU.ActiveCfg = Release|Any CPU
		{242C4265-A906-46F6-A2FF-472DDE1DF7CF}.Release|Any CPU.Build.0 = Release|Any CPU
	EndGlobalSection
	GlobalSection(SolutionProperties) = preSolution
		HideSolutionNode = FALSE
	EndGlobalSection
	GlobalSection(ExtensibilityGlobals) = postSolution
		SolutionGuid = {59517FA4-F399-485A-80F2-D4F0F61C0C93}
	EndGlobalSection
EndGlobal
